
Microsoft Visual Studio Solution File, Format Version 12.00
Project("{FAE04EC0-301F-11D3-BF4B-00C04F79EFBC}") = "SoftwareDesignPatternsFinal", "SoftwareDesignPatternsFinal\SoftwareDesignPatternsFinal.csproj", "{8541BE6E-7738-48F9-9369-A3CD3787EF73}"
EndProject
Global
	GlobalSection(SolutionConfigurationPlatforms) = preSolution
		Debug|Any CPU = Debug|Any CPU
		Release|Any CPU = Release|Any CPU
	EndGlobalSection
	GlobalSection(ProjectConfigurationPlatforms) = postSolution
		{8541BE6E-7738-48F9-9369-A3CD3787EF73}.Debug|Any CPU.ActiveCfg = Debug|Any CPU
		{8541BE6E-7738-48F9-9369-A3CD3787EF73}.Debug|Any CPU.Build.0 = Debug|Any CPU
		{8541BE6E-7738-48F9-9369-A3CD3787EF73}.Release|Any CPU.ActiveCfg = Release|Any CPU
		{8541BE6E-7738-48F9-9369-A3CD3787EF73}.Release|Any CPU.Build.0 = Release|Any CPU
	EndGlobalSection
EndGlobal
